// !$*UTF8*$!
{
	archiveVersion = 1;
	classes = {
	};
	objectVersion = 55;
	objects = {

/* Begin PBXBuildFile section */
		008FD30D280A78C600DCE2E6 /* AuthenticationService.swift in Sources */ = {isa = PBXBuildFile; fileRef = 008FD30C280A78C600DCE2E6 /* AuthenticationService.swift */; };
		008FD310280A798E00DCE2E6 /* NewCardForm.swift in Sources */ = {isa = PBXBuildFile; fileRef = 008FD30F280A798E00DCE2E6 /* NewCardForm.swift */; };
		008FD312280A79AF00DCE2E6 /* CardView.swift in Sources */ = {isa = PBXBuildFile; fileRef = 008FD311280A79AF00DCE2E6 /* CardView.swift */; };
		008FD314280A79C100DCE2E6 /* CardListView.swift in Sources */ = {isa = PBXBuildFile; fileRef = 008FD313280A79C100DCE2E6 /* CardListView.swift */; };
		008FD317280A79F200DCE2E6 /* CardListViewModel.swift in Sources */ = {isa = PBXBuildFile; fileRef = 008FD316280A79F200DCE2E6 /* CardListViewModel.swift */; };
		008FD319280A7A0200DCE2E6 /* CardViewModel.swift in Sources */ = {isa = PBXBuildFile; fileRef = 008FD318280A7A0200DCE2E6 /* CardViewModel.swift */; };
		008FD31C280A7A3500DCE2E6 /* Card.swift in Sources */ = {isa = PBXBuildFile; fileRef = 008FD31B280A7A3500DCE2E6 /* Card.swift */; };
		008FD31E280A7A8600DCE2E6 /* GoogleService-Info.plist in Resources */ = {isa = PBXBuildFile; fileRef = 008FD31D280A7A8600DCE2E6 /* GoogleService-Info.plist */; };
		008FD320280A7B0900DCE2E6 /* CardRepository.swift in Sources */ = {isa = PBXBuildFile; fileRef = 008FD31F280A7B0900DCE2E6 /* CardRepository.swift */; };
		00FD10DC280A7042000EAA5B /* Quizlet_ishApp.swift in Sources */ = {isa = PBXBuildFile; fileRef = 00FD10DB280A7042000EAA5B /* Quizlet_ishApp.swift */; };
		00FD10DE280A7042000EAA5B /* ContentView.swift in Sources */ = {isa = PBXBuildFile; fileRef = 00FD10DD280A7042000EAA5B /* ContentView.swift */; };
		00FD10E0280A7047000EAA5B /* Assets.xcassets in Resources */ = {isa = PBXBuildFile; fileRef = 00FD10DF280A7047000EAA5B /* Assets.xcassets */; };
		00FD10E3280A7047000EAA5B /* Preview Assets.xcassets in Resources */ = {isa = PBXBuildFile; fileRef = 00FD10E2280A7047000EAA5B /* Preview Assets.xcassets */; };
		00FD10EE280A7048000EAA5B /* Quizlet_ishTests.swift in Sources */ = {isa = PBXBuildFile; fileRef = 00FD10ED280A7048000EAA5B /* Quizlet_ishTests.swift */; };
		00FD10F8280A7048000EAA5B /* Quizlet_ishUITests.swift in Sources */ = {isa = PBXBuildFile; fileRef = 00FD10F7280A7048000EAA5B /* Quizlet_ishUITests.swift */; };
		00FD10FA280A7048000EAA5B /* Quizlet_ishUITestsLaunchTests.swift in Sources */ = {isa = PBXBuildFile; fileRef = 00FD10F9280A7048000EAA5B /* Quizlet_ishUITestsLaunchTests.swift */; };
		00FD1108280A740F000EAA5B /* FirebaseAnalytics in Frameworks */ = {isa = PBXBuildFile; productRef = 00FD1107280A740F000EAA5B /* FirebaseAnalytics */; };
		00FD110A280A740F000EAA5B /* FirebaseAnalyticsSwift-Beta in Frameworks */ = {isa = PBXBuildFile; productRef = 00FD1109280A740F000EAA5B /* FirebaseAnalyticsSwift-Beta */; };
		00FD110C280A740F000EAA5B /* FirebaseAnalyticsWithoutAdIdSupport in Frameworks */ = {isa = PBXBuildFile; productRef = 00FD110B280A740F000EAA5B /* FirebaseAnalyticsWithoutAdIdSupport */; };
		00FD110E280A740F000EAA5B /* FirebaseAppCheck in Frameworks */ = {isa = PBXBuildFile; productRef = 00FD110D280A740F000EAA5B /* FirebaseAppCheck */; };
		00FD1110280A740F000EAA5B /* FirebaseAppDistribution-Beta in Frameworks */ = {isa = PBXBuildFile; productRef = 00FD110F280A740F000EAA5B /* FirebaseAppDistribution-Beta */; };
		00FD1112280A740F000EAA5B /* FirebaseAuth in Frameworks */ = {isa = PBXBuildFile; productRef = 00FD1111280A740F000EAA5B /* FirebaseAuth */; };
		00FD1114280A740F000EAA5B /* FirebaseAuthCombine-Community in Frameworks */ = {isa = PBXBuildFile; productRef = 00FD1113280A740F000EAA5B /* FirebaseAuthCombine-Community */; };
		00FD1116280A740F000EAA5B /* FirebaseCrashlytics in Frameworks */ = {isa = PBXBuildFile; productRef = 00FD1115280A740F000EAA5B /* FirebaseCrashlytics */; };
		00FD1118280A740F000EAA5B /* FirebaseDatabase in Frameworks */ = {isa = PBXBuildFile; productRef = 00FD1117280A740F000EAA5B /* FirebaseDatabase */; };
		00FD111A280A740F000EAA5B /* FirebaseDatabaseSwift-Beta in Frameworks */ = {isa = PBXBuildFile; productRef = 00FD1119280A740F000EAA5B /* FirebaseDatabaseSwift-Beta */; };
		00FD111C280A740F000EAA5B /* FirebaseDynamicLinks in Frameworks */ = {isa = PBXBuildFile; productRef = 00FD111B280A740F000EAA5B /* FirebaseDynamicLinks */; };
		00FD111E280A740F000EAA5B /* FirebaseFirestore in Frameworks */ = {isa = PBXBuildFile; productRef = 00FD111D280A740F000EAA5B /* FirebaseFirestore */; };
		00FD1120280A740F000EAA5B /* FirebaseFirestoreCombine-Community in Frameworks */ = {isa = PBXBuildFile; productRef = 00FD111F280A740F000EAA5B /* FirebaseFirestoreCombine-Community */; };
		00FD1122280A740F000EAA5B /* FirebaseFirestoreSwift-Beta in Frameworks */ = {isa = PBXBuildFile; productRef = 00FD1121280A740F000EAA5B /* FirebaseFirestoreSwift-Beta */; };
		00FD1124280A740F000EAA5B /* FirebaseFunctions in Frameworks */ = {isa = PBXBuildFile; productRef = 00FD1123280A740F000EAA5B /* FirebaseFunctions */; };
		00FD1126280A740F000EAA5B /* FirebaseFunctionsCombine-Community in Frameworks */ = {isa = PBXBuildFile; productRef = 00FD1125280A740F000EAA5B /* FirebaseFunctionsCombine-Community */; };
		00FD1128280A740F000EAA5B /* FirebaseFunctionsSwift-Beta in Frameworks */ = {isa = PBXBuildFile; productRef = 00FD1127280A740F000EAA5B /* FirebaseFunctionsSwift-Beta */; };
		00FD112A280A740F000EAA5B /* FirebaseInAppMessaging-Beta in Frameworks */ = {isa = PBXBuildFile; productRef = 00FD1129280A740F000EAA5B /* FirebaseInAppMessaging-Beta */; };
		00FD112C280A740F000EAA5B /* FirebaseInAppMessagingSwift-Beta in Frameworks */ = {isa = PBXBuildFile; productRef = 00FD112B280A740F000EAA5B /* FirebaseInAppMessagingSwift-Beta */; };
		00FD112E280A740F000EAA5B /* FirebaseInstallations in Frameworks */ = {isa = PBXBuildFile; productRef = 00FD112D280A740F000EAA5B /* FirebaseInstallations */; };
		00FD1130280A740F000EAA5B /* FirebaseMLModelDownloader in Frameworks */ = {isa = PBXBuildFile; productRef = 00FD112F280A740F000EAA5B /* FirebaseMLModelDownloader */; };
		00FD1132280A740F000EAA5B /* FirebaseMessaging in Frameworks */ = {isa = PBXBuildFile; productRef = 00FD1131280A740F000EAA5B /* FirebaseMessaging */; };
		00FD1134280A740F000EAA5B /* FirebasePerformance in Frameworks */ = {isa = PBXBuildFile; productRef = 00FD1133280A740F000EAA5B /* FirebasePerformance */; };
		00FD1136280A740F000EAA5B /* FirebaseRemoteConfig in Frameworks */ = {isa = PBXBuildFile; productRef = 00FD1135280A740F000EAA5B /* FirebaseRemoteConfig */; };
		00FD1138280A740F000EAA5B /* FirebaseRemoteConfigSwift-Beta in Frameworks */ = {isa = PBXBuildFile; productRef = 00FD1137280A740F000EAA5B /* FirebaseRemoteConfigSwift-Beta */; };
		00FD113A280A740F000EAA5B /* FirebaseStorage in Frameworks */ = {isa = PBXBuildFile; productRef = 00FD1139280A740F000EAA5B /* FirebaseStorage */; };
		00FD113C280A740F000EAA5B /* FirebaseStorageCombine-Community in Frameworks */ = {isa = PBXBuildFile; productRef = 00FD113B280A740F000EAA5B /* FirebaseStorageCombine-Community */; };
		00FD113E280A740F000EAA5B /* FirebaseStorageSwift-Beta in Frameworks */ = {isa = PBXBuildFile; productRef = 00FD113D280A740F000EAA5B /* FirebaseStorageSwift-Beta */; };
/* End PBXBuildFile section */

/* Begin PBXContainerItemProxy section */
		00FD10EA280A7048000EAA5B /* PBXContainerItemProxy */ = {
			isa = PBXContainerItemProxy;
			containerPortal = 00FD10D0280A7042000EAA5B /* Project object */;
			proxyType = 1;
			remoteGlobalIDString = 00FD10D7280A7042000EAA5B;
			remoteInfo = "Quizlet-ish";
		};
		00FD10F4280A7048000EAA5B /* PBXContainerItemProxy */ = {
			isa = PBXContainerItemProxy;
			containerPortal = 00FD10D0280A7042000EAA5B /* Project object */;
			proxyType = 1;
			remoteGlobalIDString = 00FD10D7280A7042000EAA5B;
			remoteInfo = "Quizlet-ish";
		};
/* End PBXContainerItemProxy section */

/* Begin PBXFileReference section */
		008FD30C280A78C600DCE2E6 /* AuthenticationService.swift */ = {isa = PBXFileReference; lastKnownFileType = sourcecode.swift; path = AuthenticationService.swift; sourceTree = "<group>"; };
		008FD30F280A798E00DCE2E6 /* NewCardForm.swift */ = {isa = PBXFileReference; lastKnownFileType = sourcecode.swift; path = NewCardForm.swift; sourceTree = "<group>"; };
		008FD311280A79AF00DCE2E6 /* CardView.swift */ = {isa = PBXFileReference; lastKnownFileType = sourcecode.swift; path = CardView.swift; sourceTree = "<group>"; };
		008FD313280A79C100DCE2E6 /* CardListView.swift */ = {isa = PBXFileReference; lastKnownFileType = sourcecode.swift; path = CardListView.swift; sourceTree = "<group>"; };
		008FD316280A79F200DCE2E6 /* CardListViewModel.swift */ = {isa = PBXFileReference; lastKnownFileType = sourcecode.swift; path = CardListViewModel.swift; sourceTree = "<group>"; };
		008FD318280A7A0200DCE2E6 /* CardViewModel.swift */ = {isa = PBXFileReference; lastKnownFileType = sourcecode.swift; path = CardViewModel.swift; sourceTree = "<group>"; };
		008FD31B280A7A3500DCE2E6 /* Card.swift */ = {isa = PBXFileReference; lastKnownFileType = sourcecode.swift; path = Card.swift; sourceTree = "<group>"; };
		008FD31D280A7A8600DCE2E6 /* GoogleService-Info.plist */ = {isa = PBXFileReference; lastKnownFileType = text.plist; name = "GoogleService-Info.plist"; path = "Quizlet-ish/GoogleService-Info.plist"; sourceTree = SOURCE_ROOT; };
		008FD31F280A7B0900DCE2E6 /* CardRepository.swift */ = {isa = PBXFileReference; lastKnownFileType = sourcecode.swift; path = CardRepository.swift; sourceTree = "<group>"; };
		00FD10D8280A7042000EAA5B /* Quizlet-ish.app */ = {isa = PBXFileReference; explicitFileType = wrapper.application; includeInIndex = 0; path = "Quizlet-ish.app"; sourceTree = BUILT_PRODUCTS_DIR; };
		00FD10DB280A7042000EAA5B /* Quizlet_ishApp.swift */ = {isa = PBXFileReference; lastKnownFileType = sourcecode.swift; path = Quizlet_ishApp.swift; sourceTree = "<group>"; };
		00FD10DD280A7042000EAA5B /* ContentView.swift */ = {isa = PBXFileReference; lastKnownFileType = sourcecode.swift; path = ContentView.swift; sourceTree = "<group>"; };
		00FD10DF280A7047000EAA5B /* Assets.xcassets */ = {isa = PBXFileReference; lastKnownFileType = folder.assetcatalog; path = Assets.xcassets; sourceTree = "<group>"; };
		00FD10E2280A7047000EAA5B /* Preview Assets.xcassets */ = {isa = PBXFileReference; lastKnownFileType = folder.assetcatalog; path = "Preview Assets.xcassets"; sourceTree = "<group>"; };
		00FD10E4280A7047000EAA5B /* Quizlet_ish.entitlements */ = {isa = PBXFileReference; lastKnownFileType = text.plist.entitlements; path = Quizlet_ish.entitlements; sourceTree = "<group>"; };
		00FD10E9280A7048000EAA5B /* Quizlet-ishTests.xctest */ = {isa = PBXFileReference; explicitFileType = wrapper.cfbundle; includeInIndex = 0; path = "Quizlet-ishTests.xctest"; sourceTree = BUILT_PRODUCTS_DIR; };
		00FD10ED280A7048000EAA5B /* Quizlet_ishTests.swift */ = {isa = PBXFileReference; lastKnownFileType = sourcecode.swift; path = Quizlet_ishTests.swift; sourceTree = "<group>"; };
		00FD10F3280A7048000EAA5B /* Quizlet-ishUITests.xctest */ = {isa = PBXFileReference; explicitFileType = wrapper.cfbundle; includeInIndex = 0; path = "Quizlet-ishUITests.xctest"; sourceTree = BUILT_PRODUCTS_DIR; };
		00FD10F7280A7048000EAA5B /* Quizlet_ishUITests.swift */ = {isa = PBXFileReference; lastKnownFileType = sourcecode.swift; path = Quizlet_ishUITests.swift; sourceTree = "<group>"; };
		00FD10F9280A7048000EAA5B /* Quizlet_ishUITestsLaunchTests.swift */ = {isa = PBXFileReference; lastKnownFileType = sourcecode.swift; path = Quizlet_ishUITestsLaunchTests.swift; sourceTree = "<group>"; };
/* End PBXFileReference section */

/* Begin PBXFrameworksBuildPhase section */
		00FD10D5280A7042000EAA5B /* Frameworks */ = {
			isa = PBXFrameworksBuildPhase;
			buildActionMask = 2147483647;
			files = (
				00FD1120280A740F000EAA5B /* FirebaseFirestoreCombine-Community in Frameworks */,
				00FD111A280A740F000EAA5B /* FirebaseDatabaseSwift-Beta in Frameworks */,
				00FD111C280A740F000EAA5B /* FirebaseDynamicLinks in Frameworks */,
				00FD110E280A740F000EAA5B /* FirebaseAppCheck in Frameworks */,
				00FD1112280A740F000EAA5B /* FirebaseAuth in Frameworks */,
				00FD113E280A740F000EAA5B /* FirebaseStorageSwift-Beta in Frameworks */,
				00FD110A280A740F000EAA5B /* FirebaseAnalyticsSwift-Beta in Frameworks */,
				00FD1138280A740F000EAA5B /* FirebaseRemoteConfigSwift-Beta in Frameworks */,
				00FD1130280A740F000EAA5B /* FirebaseMLModelDownloader in Frameworks */,
				00FD111E280A740F000EAA5B /* FirebaseFirestore in Frameworks */,
				00FD1126280A740F000EAA5B /* FirebaseFunctionsCombine-Community in Frameworks */,
				00FD1110280A740F000EAA5B /* FirebaseAppDistribution-Beta in Frameworks */,
				00FD110C280A740F000EAA5B /* FirebaseAnalyticsWithoutAdIdSupport in Frameworks */,
				00FD1122280A740F000EAA5B /* FirebaseFirestoreSwift-Beta in Frameworks */,
				00FD112A280A740F000EAA5B /* FirebaseInAppMessaging-Beta in Frameworks */,
				00FD1116280A740F000EAA5B /* FirebaseCrashlytics in Frameworks */,
				00FD1118280A740F000EAA5B /* FirebaseDatabase in Frameworks */,
				00FD113C280A740F000EAA5B /* FirebaseStorageCombine-Community in Frameworks */,
				00FD1136280A740F000EAA5B /* FirebaseRemoteConfig in Frameworks */,
				00FD1128280A740F000EAA5B /* FirebaseFunctionsSwift-Beta in Frameworks */,
				00FD1124280A740F000EAA5B /* FirebaseFunctions in Frameworks */,
				00FD1134280A740F000EAA5B /* FirebasePerformance in Frameworks */,
				00FD112C280A740F000EAA5B /* FirebaseInAppMessagingSwift-Beta in Frameworks */,
				00FD113A280A740F000EAA5B /* FirebaseStorage in Frameworks */,
				00FD1114280A740F000EAA5B /* FirebaseAuthCombine-Community in Frameworks */,
				00FD1108280A740F000EAA5B /* FirebaseAnalytics in Frameworks */,
				00FD1132280A740F000EAA5B /* FirebaseMessaging in Frameworks */,
				00FD112E280A740F000EAA5B /* FirebaseInstallations in Frameworks */,
			);
			runOnlyForDeploymentPostprocessing = 0;
		};
		00FD10E6280A7048000EAA5B /* Frameworks */ = {
			isa = PBXFrameworksBuildPhase;
			buildActionMask = 2147483647;
			files = (
			);
			runOnlyForDeploymentPostprocessing = 0;
		};
		00FD10F0280A7048000EAA5B /* Frameworks */ = {
			isa = PBXFrameworksBuildPhase;
			buildActionMask = 2147483647;
			files = (
			);
			runOnlyForDeploymentPostprocessing = 0;
		};
/* End PBXFrameworksBuildPhase section */

/* Begin PBXGroup section */
		008FD305280A77DA00DCE2E6 /* Repositories */ = {
			isa = PBXGroup;
			children = (
				00FD10DB280A7042000EAA5B /* Quizlet_ishApp.swift */,
				00FD10DF280A7047000EAA5B /* Assets.xcassets */,
				008FD31D280A7A8600DCE2E6 /* GoogleService-Info.plist */,
				00FD10E4280A7047000EAA5B /* Quizlet_ish.entitlements */,
				008FD31F280A7B0900DCE2E6 /* CardRepository.swift */,
			);
			path = Repositories;
			sourceTree = "<group>";
		};
		008FD306280A780E00DCE2E6 /* Card */ = {
			isa = PBXGroup;
			children = (
				008FD30F280A798E00DCE2E6 /* NewCardForm.swift */,
				008FD311280A79AF00DCE2E6 /* CardView.swift */,
				008FD313280A79C100DCE2E6 /* CardListView.swift */,
			);
			name = Card;
			path = ..;
			sourceTree = "<group>";
		};
		008FD30B280A789400DCE2E6 /* Services */ = {
			isa = PBXGroup;
			children = (
				008FD30C280A78C600DCE2E6 /* AuthenticationService.swift */,
			);
			name = Services;
			path = Card/Services;
			sourceTree = "<group>";
		};
		008FD30E280A78D600DCE2E6 /* Views */ = {
			isa = PBXGroup;
			children = (
				008FD306280A780E00DCE2E6 /* Card */,
			);
			name = Views;
			path = Card/Views;
			sourceTree = "<group>";
		};
		008FD315280A79D200DCE2E6 /* ViewModels */ = {
			isa = PBXGroup;
			children = (
				008FD316280A79F200DCE2E6 /* CardListViewModel.swift */,
				008FD318280A7A0200DCE2E6 /* CardViewModel.swift */,
			);
			name = ViewModels;
			path = Repositories/ViewModels;
			sourceTree = "<group>";
		};
		008FD31A280A7A1C00DCE2E6 /* Models */ = {
			isa = PBXGroup;
			children = (
				008FD31B280A7A3500DCE2E6 /* Card.swift */,
			);
			name = Models;
			path = Repositories/Models;
			sourceTree = "<group>";
		};
		00FD10CF280A7042000EAA5B = {
			isa = PBXGroup;
			children = (
				00FD10DA280A7042000EAA5B /* Quizlet-ish */,
				00FD10EC280A7048000EAA5B /* Quizlet-ishTests */,
				00FD10F6280A7048000EAA5B /* Quizlet-ishUITests */,
				00FD10D9280A7042000EAA5B /* Products */,
			);
			sourceTree = "<group>";
		};
		00FD10D9280A7042000EAA5B /* Products */ = {
			isa = PBXGroup;
			children = (
				00FD10D8280A7042000EAA5B /* Quizlet-ish.app */,
				00FD10E9280A7048000EAA5B /* Quizlet-ishTests.xctest */,
				00FD10F3280A7048000EAA5B /* Quizlet-ishUITests.xctest */,
			);
			name = Products;
			sourceTree = "<group>";
		};
		00FD10DA280A7042000EAA5B /* Quizlet-ish */ = {
			isa = PBXGroup;
			children = (
				008FD31A280A7A1C00DCE2E6 /* Models */,
				008FD315280A79D200DCE2E6 /* ViewModels */,
				008FD30B280A789400DCE2E6 /* Services */,
				008FD30E280A78D600DCE2E6 /* Views */,
				008FD305280A77DA00DCE2E6 /* Repositories */,
				00FD10DD280A7042000EAA5B /* ContentView.swift */,
				00FD10E1280A7047000EAA5B /* Preview Content */,
			);
			path = "Quizlet-ish";
			sourceTree = "<group>";
		};
		00FD10E1280A7047000EAA5B /* Preview Content */ = {
			isa = PBXGroup;
			children = (
				00FD10E2280A7047000EAA5B /* Preview Assets.xcassets */,
			);
			path = "Preview Content";
			sourceTree = "<group>";
		};
		00FD10EC280A7048000EAA5B /* Quizlet-ishTests */ = {
			isa = PBXGroup;
			children = (
				00FD10ED280A7048000EAA5B /* Quizlet_ishTests.swift */,
			);
			path = "Quizlet-ishTests";
			sourceTree = "<group>";
		};
		00FD10F6280A7048000EAA5B /* Quizlet-ishUITests */ = {
			isa = PBXGroup;
			children = (
				00FD10F7280A7048000EAA5B /* Quizlet_ishUITests.swift */,
				00FD10F9280A7048000EAA5B /* Quizlet_ishUITestsLaunchTests.swift */,
			);
			path = "Quizlet-ishUITests";
			sourceTree = "<group>";
		};
/* End PBXGroup section */

/* Begin PBXNativeTarget section */
		00FD10D7280A7042000EAA5B /* Quizlet-ish */ = {
			isa = PBXNativeTarget;
			buildConfigurationList = 00FD10FD280A7048000EAA5B /* Build configuration list for PBXNativeTarget "Quizlet-ish" */;
			buildPhases = (
				00FD10D4280A7042000EAA5B /* Sources */,
				00FD10D5280A7042000EAA5B /* Frameworks */,
				00FD10D6280A7042000EAA5B /* Resources */,
			);
			buildRules = (
			);
			dependencies = (
			);
			name = "Quizlet-ish";
			packageProductDependencies = (
				00FD1107280A740F000EAA5B /* FirebaseAnalytics */,
				00FD1109280A740F000EAA5B /* FirebaseAnalyticsSwift-Beta */,
				00FD110B280A740F000EAA5B /* FirebaseAnalyticsWithoutAdIdSupport */,
				00FD110D280A740F000EAA5B /* FirebaseAppCheck */,
				00FD110F280A740F000EAA5B /* FirebaseAppDistribution-Beta */,
				00FD1111280A740F000EAA5B /* FirebaseAuth */,
				00FD1113280A740F000EAA5B /* FirebaseAuthCombine-Community */,
				00FD1115280A740F000EAA5B /* FirebaseCrashlytics */,
				00FD1117280A740F000EAA5B /* FirebaseDatabase */,
				00FD1119280A740F000EAA5B /* FirebaseDatabaseSwift-Beta */,
				00FD111B280A740F000EAA5B /* FirebaseDynamicLinks */,
				00FD111D280A740F000EAA5B /* FirebaseFirestore */,
				00FD111F280A740F000EAA5B /* FirebaseFirestoreCombine-Community */,
				00FD1121280A740F000EAA5B /* FirebaseFirestoreSwift-Beta */,
				00FD1123280A740F000EAA5B /* FirebaseFunctions */,
				00FD1125280A740F000EAA5B /* FirebaseFunctionsCombine-Community */,
				00FD1127280A740F000EAA5B /* FirebaseFunctionsSwift-Beta */,
				00FD1129280A740F000EAA5B /* FirebaseInAppMessaging-Beta */,
				00FD112B280A740F000EAA5B /* FirebaseInAppMessagingSwift-Beta */,
				00FD112D280A740F000EAA5B /* FirebaseInstallations */,
				00FD112F280A740F000EAA5B /* FirebaseMLModelDownloader */,
				00FD1131280A740F000EAA5B /* FirebaseMessaging */,
				00FD1133280A740F000EAA5B /* FirebasePerformance */,
				00FD1135280A740F000EAA5B /* FirebaseRemoteConfig */,
				00FD1137280A740F000EAA5B /* FirebaseRemoteConfigSwift-Beta */,
				00FD1139280A740F000EAA5B /* FirebaseStorage */,
				00FD113B280A740F000EAA5B /* FirebaseStorageCombine-Community */,
				00FD113D280A740F000EAA5B /* FirebaseStorageSwift-Beta */,
			);
			productName = "Quizlet-ish";
			productReference = 00FD10D8280A7042000EAA5B /* Quizlet-ish.app */;
			productType = "com.apple.product-type.application";
		};
		00FD10E8280A7048000EAA5B /* Quizlet-ishTests */ = {
			isa = PBXNativeTarget;
			buildConfigurationList = 00FD1100280A7048000EAA5B /* Build configuration list for PBXNativeTarget "Quizlet-ishTests" */;
			buildPhases = (
				00FD10E5280A7048000EAA5B /* Sources */,
				00FD10E6280A7048000EAA5B /* Frameworks */,
				00FD10E7280A7048000EAA5B /* Resources */,
			);
			buildRules = (
			);
			dependencies = (
				00FD10EB280A7048000EAA5B /* PBXTargetDependency */,
			);
			name = "Quizlet-ishTests";
			productName = "Quizlet-ishTests";
			productReference = 00FD10E9280A7048000EAA5B /* Quizlet-ishTests.xctest */;
			productType = "com.apple.product-type.bundle.unit-test";
		};
		00FD10F2280A7048000EAA5B /* Quizlet-ishUITests */ = {
			isa = PBXNativeTarget;
			buildConfigurationList = 00FD1103280A7048000EAA5B /* Build configuration list for PBXNativeTarget "Quizlet-ishUITests" */;
			buildPhases = (
				00FD10EF280A7048000EAA5B /* Sources */,
				00FD10F0280A7048000EAA5B /* Frameworks */,
				00FD10F1280A7048000EAA5B /* Resources */,
			);
			buildRules = (
			);
			dependencies = (
				00FD10F5280A7048000EAA5B /* PBXTargetDependency */,
			);
			name = "Quizlet-ishUITests";
			productName = "Quizlet-ishUITests";
			productReference = 00FD10F3280A7048000EAA5B /* Quizlet-ishUITests.xctest */;
			productType = "com.apple.product-type.bundle.ui-testing";
		};
/* End PBXNativeTarget section */

/* Begin PBXProject section */
		00FD10D0280A7042000EAA5B /* Project object */ = {
			isa = PBXProject;
			attributes = {
				BuildIndependentTargetsInParallel = 1;
				LastSwiftUpdateCheck = 1320;
				LastUpgradeCheck = 1320;
				TargetAttributes = {
					00FD10D7280A7042000EAA5B = {
						CreatedOnToolsVersion = 13.2.1;
					};
					00FD10E8280A7048000EAA5B = {
						CreatedOnToolsVersion = 13.2.1;
						TestTargetID = 00FD10D7280A7042000EAA5B;
					};
					00FD10F2280A7048000EAA5B = {
						CreatedOnToolsVersion = 13.2.1;
						TestTargetID = 00FD10D7280A7042000EAA5B;
					};
				};
			};
			buildConfigurationList = 00FD10D3280A7042000EAA5B /* Build configuration list for PBXProject "Quizlet-ish" */;
			compatibilityVersion = "Xcode 13.0";
			developmentRegion = en;
			hasScannedForEncodings = 0;
			knownRegions = (
				en,
				Base,
			);
			mainGroup = 00FD10CF280A7042000EAA5B;
			packageReferences = (
				00FD1106280A740F000EAA5B /* XCRemoteSwiftPackageReference "firebase-ios-sdk" */,
			);
			productRefGroup = 00FD10D9280A7042000EAA5B /* Products */;
			projectDirPath = "";
			projectRoot = "";
			targets = (
				00FD10D7280A7042000EAA5B /* Quizlet-ish */,
				00FD10E8280A7048000EAA5B /* Quizlet-ishTests */,
				00FD10F2280A7048000EAA5B /* Quizlet-ishUITests */,
			);
		};
/* End PBXProject section */

/* Begin PBXResourcesBuildPhase section */
		00FD10D6280A7042000EAA5B /* Resources */ = {
			isa = PBXResourcesBuildPhase;
			buildActionMask = 2147483647;
			files = (
				00FD10E3280A7047000EAA5B /* Preview Assets.xcassets in Resources */,
				00FD10E0280A7047000EAA5B /* Assets.xcassets in Resources */,
				008FD31E280A7A8600DCE2E6 /* GoogleService-Info.plist in Resources */,
			);
			runOnlyForDeploymentPostprocessing = 0;
		};
		00FD10E7280A7048000EAA5B /* Resources */ = {
			isa = PBXResourcesBuildPhase;
			buildActionMask = 2147483647;
			files = (
			);
			runOnlyForDeploymentPostprocessing = 0;
		};
		00FD10F1280A7048000EAA5B /* Resources */ = {
			isa = PBXResourcesBuildPhase;
			buildActionMask = 2147483647;
			files = (
			);
			runOnlyForDeploymentPostprocessing = 0;
		};
/* End PBXResourcesBuildPhase section */

/* Begin PBXSourcesBuildPhase section */
		00FD10D4280A7042000EAA5B /* Sources */ = {
			isa = PBXSourcesBuildPhase;
			buildActionMask = 2147483647;
			files = (
				008FD310280A798E00DCE2E6 /* NewCardForm.swift in Sources */,
				008FD31C280A7A3500DCE2E6 /* Card.swift in Sources */,
				008FD30D280A78C600DCE2E6 /* AuthenticationService.swift in Sources */,
				00FD10DE280A7042000EAA5B /* ContentView.swift in Sources */,
				00FD10DC280A7042000EAA5B /* Quizlet_ishApp.swift in Sources */,
				008FD319280A7A0200DCE2E6 /* CardViewModel.swift in Sources */,
				008FD314280A79C100DCE2E6 /* CardListView.swift in Sources */,
				008FD320280A7B0900DCE2E6 /* CardRepository.swift in Sources */,
				008FD312280A79AF00DCE2E6 /* CardView.swift in Sources */,
				008FD317280A79F200DCE2E6 /* CardListViewModel.swift in Sources */,
			);
			runOnlyForDeploymentPostprocessing = 0;
		};
		00FD10E5280A7048000EAA5B /* Sources */ = {
			isa = PBXSourcesBuildPhase;
			buildActionMask = 2147483647;
			files = (
				00FD10EE280A7048000EAA5B /* Quizlet_ishTests.swift in Sources */,
			);
			runOnlyForDeploymentPostprocessing = 0;
		};
		00FD10EF280A7048000EAA5B /* Sources */ = {
			isa = PBXSourcesBuildPhase;
			buildActionMask = 2147483647;
			files = (
				00FD10FA280A7048000EAA5B /* Quizlet_ishUITestsLaunchTests.swift in Sources */,
				00FD10F8280A7048000EAA5B /* Quizlet_ishUITests.swift in Sources */,
			);
			runOnlyForDeploymentPostprocessing = 0;
		};
/* End PBXSourcesBuildPhase section */

/* Begin PBXTargetDependency section */
		00FD10EB280A7048000EAA5B /* PBXTargetDependency */ = {
			isa = PBXTargetDependency;
			target = 00FD10D7280A7042000EAA5B /* Quizlet-ish */;
			targetProxy = 00FD10EA280A7048000EAA5B /* PBXContainerItemProxy */;
		};
		00FD10F5280A7048000EAA5B /* PBXTargetDependency */ = {
			isa = PBXTargetDependency;
			target = 00FD10D7280A7042000EAA5B /* Quizlet-ish */;
			targetProxy = 00FD10F4280A7048000EAA5B /* PBXContainerItemProxy */;
		};
/* End PBXTargetDependency section */

/* Begin XCBuildConfiguration section */
		00FD10FB280A7048000EAA5B /* Debug */ = {
			isa = XCBuildConfiguration;
			buildSettings = {
				ALWAYS_SEARCH_USER_PATHS = NO;
				CLANG_ANALYZER_NONNULL = YES;
				CLANG_ANALYZER_NUMBER_OBJECT_CONVERSION = YES_AGGRESSIVE;
				CLANG_CXX_LANGUAGE_STANDARD = "gnu++17";
				CLANG_CXX_LIBRARY = "libc++";
				CLANG_ENABLE_MODULES = YES;
				CLANG_ENABLE_OBJC_ARC = YES;
				CLANG_ENABLE_OBJC_WEAK = YES;
				CLANG_WARN_BLOCK_CAPTURE_AUTORELEASING = YES;
				CLANG_WARN_BOOL_CONVERSION = YES;
				CLANG_WARN_COMMA = YES;
				CLANG_WARN_CONSTANT_CONVERSION = YES;
				CLANG_WARN_DEPRECATED_OBJC_IMPLEMENTATIONS = YES;
				CLANG_WARN_DIRECT_OBJC_ISA_USAGE = YES_ERROR;
				CLANG_WARN_DOCUMENTATION_COMMENTS = YES;
				CLANG_WARN_EMPTY_BODY = YES;
				CLANG_WARN_ENUM_CONVERSION = YES;
				CLANG_WARN_INFINITE_RECURSION = YES;
				CLANG_WARN_INT_CONVERSION = YES;
				CLANG_WARN_NON_LITERAL_NULL_CONVERSION = YES;
				CLANG_WARN_OBJC_IMPLICIT_RETAIN_SELF = YES;
				CLANG_WARN_OBJC_LITERAL_CONVERSION = YES;
				CLANG_WARN_OBJC_ROOT_CLASS = YES_ERROR;
				CLANG_WARN_QUOTED_INCLUDE_IN_FRAMEWORK_HEADER = YES;
				CLANG_WARN_RANGE_LOOP_ANALYSIS = YES;
				CLANG_WARN_STRICT_PROTOTYPES = YES;
				CLANG_WARN_SUSPICIOUS_MOVE = YES;
				CLANG_WARN_UNGUARDED_AVAILABILITY = YES_AGGRESSIVE;
				CLANG_WARN_UNREACHABLE_CODE = YES;
				CLANG_WARN__DUPLICATE_METHOD_MATCH = YES;
				COPY_PHASE_STRIP = NO;
				DEBUG_INFORMATION_FORMAT = dwarf;
				ENABLE_STRICT_OBJC_MSGSEND = YES;
				ENABLE_TESTABILITY = YES;
				GCC_C_LANGUAGE_STANDARD = gnu11;
				GCC_DYNAMIC_NO_PIC = NO;
				GCC_NO_COMMON_BLOCKS = YES;
				GCC_OPTIMIZATION_LEVEL = 0;
				GCC_PREPROCESSOR_DEFINITIONS = (
					"DEBUG=1",
					"$(inherited)",
				);
				GCC_WARN_64_TO_32_BIT_CONVERSION = YES;
				GCC_WARN_ABOUT_RETURN_TYPE = YES_ERROR;
				GCC_WARN_UNDECLARED_SELECTOR = YES;
				GCC_WARN_UNINITIALIZED_AUTOS = YES_AGGRESSIVE;
				GCC_WARN_UNUSED_FUNCTION = YES;
				GCC_WARN_UNUSED_VARIABLE = YES;
				MACOSX_DEPLOYMENT_TARGET = 12.1;
				MTL_ENABLE_DEBUG_INFO = INCLUDE_SOURCE;
				MTL_FAST_MATH = YES;
				ONLY_ACTIVE_ARCH = YES;
				SDKROOT = macosx;
				SWIFT_ACTIVE_COMPILATION_CONDITIONS = DEBUG;
				SWIFT_OPTIMIZATION_LEVEL = "-Onone";
			};
			name = Debug;
		};
		00FD10FC280A7048000EAA5B /* Release */ = {
			isa = XCBuildConfiguration;
			buildSettings = {
				ALWAYS_SEARCH_USER_PATHS = NO;
				CLANG_ANALYZER_NONNULL = YES;
				CLANG_ANALYZER_NUMBER_OBJECT_CONVERSION = YES_AGGRESSIVE;
				CLANG_CXX_LANGUAGE_STANDARD = "gnu++17";
				CLANG_CXX_LIBRARY = "libc++";
				CLANG_ENABLE_MODULES = YES;
				CLANG_ENABLE_OBJC_ARC = YES;
				CLANG_ENABLE_OBJC_WEAK = YES;
				CLANG_WARN_BLOCK_CAPTURE_AUTORELEASING = YES;
				CLANG_WARN_BOOL_CONVERSION = YES;
				CLANG_WARN_COMMA = YES;
				CLANG_WARN_CONSTANT_CONVERSION = YES;
				CLANG_WARN_DEPRECATED_OBJC_IMPLEMENTATIONS = YES;
				CLANG_WARN_DIRECT_OBJC_ISA_USAGE = YES_ERROR;
				CLANG_WARN_DOCUMENTATION_COMMENTS = YES;
				CLANG_WARN_EMPTY_BODY = YES;
				CLANG_WARN_ENUM_CONVERSION = YES;
				CLANG_WARN_INFINITE_RECURSION = YES;
				CLANG_WARN_INT_CONVERSION = YES;
				CLANG_WARN_NON_LITERAL_NULL_CONVERSION = YES;
				CLANG_WARN_OBJC_IMPLICIT_RETAIN_SELF = YES;
				CLANG_WARN_OBJC_LITERAL_CONVERSION = YES;
				CLANG_WARN_OBJC_ROOT_CLASS = YES_ERROR;
				CLANG_WARN_QUOTED_INCLUDE_IN_FRAMEWORK_HEADER = YES;
				CLANG_WARN_RANGE_LOOP_ANALYSIS = YES;
				CLANG_WARN_STRICT_PROTOTYPES = YES;
				CLANG_WARN_SUSPICIOUS_MOVE = YES;
				CLANG_WARN_UNGUARDED_AVAILABILITY = YES_AGGRESSIVE;
				CLANG_WARN_UNREACHABLE_CODE = YES;
				CLANG_WARN__DUPLICATE_METHOD_MATCH = YES;
				COPY_PHASE_STRIP = NO;
				DEBUG_INFORMATION_FORMAT = "dwarf-with-dsym";
				ENABLE_NS_ASSERTIONS = NO;
				ENABLE_STRICT_OBJC_MSGSEND = YES;
				GCC_C_LANGUAGE_STANDARD = gnu11;
				GCC_NO_COMMON_BLOCKS = YES;
				GCC_WARN_64_TO_32_BIT_CONVERSION = YES;
				GCC_WARN_ABOUT_RETURN_TYPE = YES_ERROR;
				GCC_WARN_UNDECLARED_SELECTOR = YES;
				GCC_WARN_UNINITIALIZED_AUTOS = YES_AGGRESSIVE;
				GCC_WARN_UNUSED_FUNCTION = YES;
				GCC_WARN_UNUSED_VARIABLE = YES;
				MACOSX_DEPLOYMENT_TARGET = 12.1;
				MTL_ENABLE_DEBUG_INFO = NO;
				MTL_FAST_MATH = YES;
				SDKROOT = macosx;
				SWIFT_COMPILATION_MODE = wholemodule;
				SWIFT_OPTIMIZATION_LEVEL = "-O";
			};
			name = Release;
		};
		00FD10FE280A7048000EAA5B /* Debug */ = {
			isa = XCBuildConfiguration;
			buildSettings = {
				ASSETCATALOG_COMPILER_APPICON_NAME = AppIcon;
				ASSETCATALOG_COMPILER_GLOBAL_ACCENT_COLOR_NAME = AccentColor;
				CODE_SIGN_ENTITLEMENTS = "Quizlet-ish/Quizlet_ish.entitlements";
				CODE_SIGN_STYLE = Automatic;
				COMBINE_HIDPI_IMAGES = YES;
				CURRENT_PROJECT_VERSION = 1;
				DEVELOPMENT_ASSET_PATHS = "\"Quizlet-ish/Preview Content\"";
				DEVELOPMENT_TEAM = VV749UCCN4;
				ENABLE_HARDENED_RUNTIME = YES;
				ENABLE_PREVIEWS = YES;
				GENERATE_INFOPLIST_FILE = YES;
				INFOPLIST_KEY_NSHumanReadableCopyright = "";
				LD_RUNPATH_SEARCH_PATHS = (
					"$(inherited)",
					"@executable_path/../Frameworks",
				);
				MARKETING_VERSION = 1.0;
				PRODUCT_BUNDLE_IDENTIFIER = "Yanyi-Chen.Quizlet-ish";
				PRODUCT_NAME = "$(TARGET_NAME)";
				SWIFT_EMIT_LOC_STRINGS = YES;
				SWIFT_VERSION = 5.0;
			};
			name = Debug;
		};
		00FD10FF280A7048000EAA5B /* Release */ = {
			isa = XCBuildConfiguration;
			buildSettings = {
				ASSETCATALOG_COMPILER_APPICON_NAME = AppIcon;
				ASSETCATALOG_COMPILER_GLOBAL_ACCENT_COLOR_NAME = AccentColor;
				CODE_SIGN_ENTITLEMENTS = "Quizlet-ish/Quizlet_ish.entitlements";
				CODE_SIGN_STYLE = Automatic;
				COMBINE_HIDPI_IMAGES = YES;
				CURRENT_PROJECT_VERSION = 1;
				DEVELOPMENT_ASSET_PATHS = "\"Quizlet-ish/Preview Content\"";
				DEVELOPMENT_TEAM = VV749UCCN4;
				ENABLE_HARDENED_RUNTIME = YES;
				ENABLE_PREVIEWS = YES;
				GENERATE_INFOPLIST_FILE = YES;
				INFOPLIST_KEY_NSHumanReadableCopyright = "";
				LD_RUNPATH_SEARCH_PATHS = (
					"$(inherited)",
					"@executable_path/../Frameworks",
				);
				MARKETING_VERSION = 1.0;
				PRODUCT_BUNDLE_IDENTIFIER = "Yanyi-Chen.Quizlet-ish";
				PRODUCT_NAME = "$(TARGET_NAME)";
				SWIFT_EMIT_LOC_STRINGS = YES;
				SWIFT_VERSION = 5.0;
			};
			name = Release;
		};
		00FD1101280A7048000EAA5B /* Debug */ = {
			isa = XCBuildConfiguration;
			buildSettings = {
				ALWAYS_EMBED_SWIFT_STANDARD_LIBRARIES = YES;
				BUNDLE_LOADER = "$(TEST_HOST)";
				CODE_SIGN_STYLE = Automatic;
				CURRENT_PROJECT_VERSION = 1;
				DEVELOPMENT_TEAM = VV749UCCN4;
				GENERATE_INFOPLIST_FILE = YES;
				MACOSX_DEPLOYMENT_TARGET = 12.1;
				MARKETING_VERSION = 1.0;
				PRODUCT_BUNDLE_IDENTIFIER = "Yanyi-Chen.Quizlet-ishTests";
				PRODUCT_NAME = "$(TARGET_NAME)";
				SWIFT_EMIT_LOC_STRINGS = NO;
				SWIFT_VERSION = 5.0;
				TEST_HOST = "$(BUILT_PRODUCTS_DIR)/Quizlet-ish.app/Contents/MacOS/Quizlet-ish";
			};
			name = Debug;
		};
		00FD1102280A7048000EAA5B /* Release */ = {
			isa = XCBuildConfiguration;
			buildSettings = {
				ALWAYS_EMBED_SWIFT_STANDARD_LIBRARIES = YES;
				BUNDLE_LOADER = "$(TEST_HOST)";
				CODE_SIGN_STYLE = Automatic;
				CURRENT_PROJECT_VERSION = 1;
				DEVELOPMENT_TEAM = VV749UCCN4;
				GENERATE_INFOPLIST_FILE = YES;
				MACOSX_DEPLOYMENT_TARGET = 12.1;
				MARKETING_VERSION = 1.0;
				PRODUCT_BUNDLE_IDENTIFIER = "Yanyi-Chen.Quizlet-ishTests";
				PRODUCT_NAME = "$(TARGET_NAME)";
				SWIFT_EMIT_LOC_STRINGS = NO;
				SWIFT_VERSION = 5.0;
				TEST_HOST = "$(BUILT_PRODUCTS_DIR)/Quizlet-ish.app/Contents/MacOS/Quizlet-ish";
			};
			name = Release;
		};
		00FD1104280A7048000EAA5B /* Debug */ = {
			isa = XCBuildConfiguration;
			buildSettings = {
				ALWAYS_EMBED_SWIFT_STANDARD_LIBRARIES = YES;
				CODE_SIGN_STYLE = Automatic;
				CURRENT_PROJECT_VERSION = 1;
				DEVELOPMENT_TEAM = VV749UCCN4;
				GENERATE_INFOPLIST_FILE = YES;
				MARKETING_VERSION = 1.0;
				PRODUCT_BUNDLE_IDENTIFIER = "Yanyi-Chen.Quizlet-ishUITests";
				PRODUCT_NAME = "$(TARGET_NAME)";
				SWIFT_EMIT_LOC_STRINGS = NO;
				SWIFT_VERSION = 5.0;
				TEST_TARGET_NAME = "Quizlet-ish";
			};
			name = Debug;
		};
		00FD1105280A7048000EAA5B /* Release */ = {
			isa = XCBuildConfiguration;
			buildSettings = {
				ALWAYS_EMBED_SWIFT_STANDARD_LIBRARIES = YES;
				CODE_SIGN_STYLE = Automatic;
				CURRENT_PROJECT_VERSION = 1;
				DEVELOPMENT_TEAM = VV749UCCN4;
				GENERATE_INFOPLIST_FILE = YES;
				MARKETING_VERSION = 1.0;
				PRODUCT_BUNDLE_IDENTIFIER = "Yanyi-Chen.Quizlet-ishUITests";
				PRODUCT_NAME = "$(TARGET_NAME)";
				SWIFT_EMIT_LOC_STRINGS = NO;
				SWIFT_VERSION = 5.0;
				TEST_TARGET_NAME = "Quizlet-ish";
			};
			name = Release;
		};
/* End XCBuildConfiguration section */

/* Begin XCConfigurationList section */
		00FD10D3280A7042000EAA5B /* Build configuration list for PBXProject "Quizlet-ish" */ = {
			isa = XCConfigurationList;
			buildConfigurations = (
				00FD10FB280A7048000EAA5B /* Debug */,
				00FD10FC280A7048000EAA5B /* Release */,
			);
			defaultConfigurationIsVisible = 0;
			defaultConfigurationName = Release;
		};
		00FD10FD280A7048000EAA5B /* Build configuration list for PBXNativeTarget "Quizlet-ish" */ = {
			isa = XCConfigurationList;
			buildConfigurations = (
				00FD10FE280A7048000EAA5B /* Debug */,
				00FD10FF280A7048000EAA5B /* Release */,
			);
			defaultConfigurationIsVisible = 0;
			defaultConfigurationName = Release;
		};
		00FD1100280A7048000EAA5B /* Build configuration list for PBXNativeTarget "Quizlet-ishTests" */ = {
			isa = XCConfigurationList;
			buildConfigurations = (
				00FD1101280A7048000EAA5B /* Debug */,
				00FD1102280A7048000EAA5B /* Release */,
			);
			defaultConfigurationIsVisible = 0;
			defaultConfigurationName = Release;
		};
		00FD1103280A7048000EAA5B /* Build configuration list for PBXNativeTarget "Quizlet-ishUITests" */ = {
			isa = XCConfigurationList;
			buildConfigurations = (
				00FD1104280A7048000EAA5B /* Debug */,
				00FD1105280A7048000EAA5B /* Release */,
			);
			defaultConfigurationIsVisible = 0;
			defaultConfigurationName = Release;
		};
/* End XCConfigurationList section */

/* Begin XCRemoteSwiftPackageReference section */
		00FD1106280A740F000EAA5B /* XCRemoteSwiftPackageReference "firebase-ios-sdk" */ = {
			isa = XCRemoteSwiftPackageReference;
			repositoryURL = "https://github.com/firebase/firebase-ios-sdk";
			requirement = {
				kind = upToNextMajorVersion;
				minimumVersion = 8.0.0;
			};
		};
/* End XCRemoteSwiftPackageReference section */

/* Begin XCSwiftPackageProductDependency section */
		00FD1107280A740F000EAA5B /* FirebaseAnalytics */ = {
			isa = XCSwiftPackageProductDependency;
			package = 00FD1106280A740F000EAA5B /* XCRemoteSwiftPackageReference "firebase-ios-sdk" */;
			productName = FirebaseAnalytics;
		};
		00FD1109280A740F000EAA5B /* FirebaseAnalyticsSwift-Beta */ = {
			isa = XCSwiftPackageProductDependency;
			package = 00FD1106280A740F000EAA5B /* XCRemoteSwiftPackageReference "firebase-ios-sdk" */;
			productName = "FirebaseAnalyticsSwift-Beta";
		};
		00FD110B280A740F000EAA5B /* FirebaseAnalyticsWithoutAdIdSupport */ = {
			isa = XCSwiftPackageProductDependency;
			package = 00FD1106280A740F000EAA5B /* XCRemoteSwiftPackageReference "firebase-ios-sdk" */;
			productName = FirebaseAnalyticsWithoutAdIdSupport;
		};
		00FD110D280A740F000EAA5B /* FirebaseAppCheck */ = {
			isa = XCSwiftPackageProductDependency;
			package = 00FD1106280A740F000EAA5B /* XCRemoteSwiftPackageReference "firebase-ios-sdk" */;
			productName = FirebaseAppCheck;
		};
		00FD110F280A740F000EAA5B /* FirebaseAppDistribution-Beta */ = {
			isa = XCSwiftPackageProductDependency;
			package = 00FD1106280A740F000EAA5B /* XCRemoteSwiftPackageReference "firebase-ios-sdk" */;
			productName = "FirebaseAppDistribution-Beta";
		};
		00FD1111280A740F000EAA5B /* FirebaseAuth */ = {
			isa = XCSwiftPackageProductDependency;
			package = 00FD1106280A740F000EAA5B /* XCRemoteSwiftPackageReference "firebase-ios-sdk" */;
			productName = FirebaseAuth;
		};
		00FD1113280A740F000EAA5B /* FirebaseAuthCombine-Community */ = {
			isa = XCSwiftPackageProductDependency;
			package = 00FD1106280A740F000EAA5B /* XCRemoteSwiftPackageReference "firebase-ios-sdk" */;
			productName = "FirebaseAuthCombine-Community";
		};
		00FD1115280A740F000EAA5B /* FirebaseCrashlytics */ = {
			isa = XCSwiftPackageProductDependency;
			package = 00FD1106280A740F000EAA5B /* XCRemoteSwiftPackageReference "firebase-ios-sdk" */;
			productName = FirebaseCrashlytics;
		};
		00FD1117280A740F000EAA5B /* FirebaseDatabase */ = {
			isa = XCSwiftPackageProductDependency;
			package = 00FD1106280A740F000EAA5B /* XCRemoteSwiftPackageReference "firebase-ios-sdk" */;
			productName = FirebaseDatabase;
		};
		00FD1119280A740F000EAA5B /* FirebaseDatabaseSwift-Beta */ = {
			isa = XCSwiftPackageProductDependency;
			package = 00FD1106280A740F000EAA5B /* XCRemoteSwiftPackageReference "firebase-ios-sdk" */;
			productName = "FirebaseDatabaseSwift-Beta";
		};
		00FD111B280A740F000EAA5B /* FirebaseDynamicLinks */ = {
			isa = XCSwiftPackageProductDependency;
			package = 00FD1106280A740F000EAA5B /* XCRemoteSwiftPackageReference "firebase-ios-sdk" */;
			productName = FirebaseDynamicLinks;
		};
		00FD111D280A740F000EAA5B /* FirebaseFirestore */ = {
			isa = XCSwiftPackageProductDependency;
			package = 00FD1106280A740F000EAA5B /* XCRemoteSwiftPackageReference "firebase-ios-sdk" */;
			productName = FirebaseFirestore;
		};
		00FD111F280A740F000EAA5B /* FirebaseFirestoreCombine-Community */ = {
			isa = XCSwiftPackageProductDependency;
			package = 00FD1106280A740F000EAA5B /* XCRemoteSwiftPackageReference "firebase-ios-sdk" */;
			productName = "FirebaseFirestoreCombine-Community";
		};
		00FD1121280A740F000EAA5B /* FirebaseFirestoreSwift-Beta */ = {
			isa = XCSwiftPackageProductDependency;
			package = 00FD1106280A740F000EAA5B /* XCRemoteSwiftPackageReference "firebase-ios-sdk" */;
			productName = "FirebaseFirestoreSwift-Beta";
		};
		00FD1123280A740F000EAA5B /* FirebaseFunctions */ = {
			isa = XCSwiftPackageProductDependency;
			package = 00FD1106280A740F000EAA5B /* XCRemoteSwiftPackageReference "firebase-ios-sdk" */;
			productName = FirebaseFunctions;
		};
		00FD1125280A740F000EAA5B /* FirebaseFunctionsCombine-Community */ = {
			isa = XCSwiftPackageProductDependency;
			package = 00FD1106280A740F000EAA5B /* XCRemoteSwiftPackageReference "firebase-ios-sdk" */;
			productName = "FirebaseFunctionsCombine-Community";
		};
		00FD1127280A740F000EAA5B /* FirebaseFunctionsSwift-Beta */ = {
			isa = XCSwiftPackageProductDependency;
			package = 00FD1106280A740F000EAA5B /* XCRemoteSwiftPackageReference "firebase-ios-sdk" */;
			productName = "FirebaseFunctionsSwift-Beta";
		};
		00FD1129280A740F000EAA5B /* FirebaseInAppMessaging-Beta */ = {
			isa = XCSwiftPackageProductDependency;
			package = 00FD1106280A740F000EAA5B /* XCRemoteSwiftPackageReference "firebase-ios-sdk" */;
			productName = "FirebaseInAppMessaging-Beta";
		};
		00FD112B280A740F000EAA5B /* FirebaseInAppMessagingSwift-Beta */ = {
			isa = XCSwiftPackageProductDependency;
			package = 00FD1106280A740F000EAA5B /* XCRemoteSwiftPackageReference "firebase-ios-sdk" */;
			productName = "FirebaseInAppMessagingSwift-Beta";
		};
		00FD112D280A740F000EAA5B /* FirebaseInstallations */ = {
			isa = XCSwiftPackageProductDependency;
			package = 00FD1106280A740F000EAA5B /* XCRemoteSwiftPackageReference "firebase-ios-sdk" */;
			productName = FirebaseInstallations;
		};
		00FD112F280A740F000EAA5B /* FirebaseMLModelDownloader */ = {
			isa = XCSwiftPackageProductDependency;
			package = 00FD1106280A740F000EAA5B /* XCRemoteSwiftPackageReference "firebase-ios-sdk" */;
			productName = FirebaseMLModelDownloader;
		};
		00FD1131280A740F000EAA5B /* FirebaseMessaging */ = {
			isa = XCSwiftPackageProductDependency;
			package = 00FD1106280A740F000EAA5B /* XCRemoteSwiftPackageReference "firebase-ios-sdk" */;
			productName = FirebaseMessaging;
		};
		00FD1133280A740F000EAA5B /* FirebasePerformance */ = {
			isa = XCSwiftPackageProductDependency;
			package = 00FD1106280A740F000EAA5B /* XCRemoteSwiftPackageReference "firebase-ios-sdk" */;
			productName = FirebasePerformance;
		};
		00FD1135280A740F000EAA5B /* FirebaseRemoteConfig */ = {
			isa = XCSwiftPackageProductDependency;
			package = 00FD1106280A740F000EAA5B /* XCRemoteSwiftPackageReference "firebase-ios-sdk" */;
			productName = FirebaseRemoteConfig;
		};
		00FD1137280A740F000EAA5B /* FirebaseRemoteConfigSwift-Beta */ = {
			isa = XCSwiftPackageProductDependency;
			package = 00FD1106280A740F000EAA5B /* XCRemoteSwiftPackageReference "firebase-ios-sdk" */;
			productName = "FirebaseRemoteConfigSwift-Beta";
		};
		00FD1139280A740F000EAA5B /* FirebaseStorage */ = {
			isa = XCSwiftPackageProductDependency;
			package = 00FD1106280A740F000EAA5B /* XCRemoteSwiftPackageReference "firebase-ios-sdk" */;
			productName = FirebaseStorage;
		};
		00FD113B280A740F000EAA5B /* FirebaseStorageCombine-Community */ = {
			isa = XCSwiftPackageProductDependency;
			package = 00FD1106280A740F000EAA5B /* XCRemoteSwiftPackageReference "firebase-ios-sdk" */;
			productName = "FirebaseStorageCombine-Community";
		};
		00FD113D280A740F000EAA5B /* FirebaseStorageSwift-Beta */ = {
			isa = XCSwiftPackageProductDependency;
			package = 00FD1106280A740F000EAA5B /* XCRemoteSwiftPackageReference "firebase-ios-sdk" */;
			productName = "FirebaseStorageSwift-Beta";
		};
/* End XCSwiftPackageProductDependency section */
	};
	rootObject = 00FD10D0280A7042000EAA5B /* Project object */;
}
